
Microsoft Visual Studio Solution File, Format Version 12.00
# Visual Studio Version 17
VisualStudioVersion = 17.13.35931.197 d17.13
MinimumVisualStudioVersion = 10.0.40219.1
Project("{FAE04EC0-301F-11D3-BF4B-00C04F79EFBC}") = "Portfolio", "Portfolio\Portfolio.csproj", "{08661CA5-7E29-4861-88B3-41AB0B76241E}"
EndProject
Project("{FAE04EC0-301F-11D3-BF4B-00C04F79EFBC}") = "Portfolio.Client", "Portfolio.Client\Portfolio.Client.csproj", "{7E46CFEE-208E-40C0-935A-4625674D710B}"
EndProject
Global
	GlobalSection(SolutionConfigurationPlatforms) = preSolution
		Debug|Any CPU = Debug|Any CPU
		Release|Any CPU = Release|Any CPU
	EndGlobalSection
	GlobalSection(ProjectConfigurationPlatforms) = postSolution
		{08661CA5-7E29-4861-88B3-41AB0B76241E}.Debug|Any CPU.ActiveCfg = Debug|Any CPU
		{08661CA5-7E29-4861-88B3-41AB0B76241E}.Debug|Any CPU.Build.0 = Debug|Any CPU
		{08661CA5-7E29-4861-88B3-41AB0B76241E}.Release|Any CPU.ActiveCfg = Release|Any CPU
		{08661CA5-7E29-4861-88B3-41AB0B76241E}.Release|Any CPU.Build.0 = Release|Any CPU
		{7E46CFEE-208E-40C0-935A-4625674D710B}.Debug|Any CPU.ActiveCfg = Debug|Any CPU
		{7E46CFEE-208E-40C0-935A-4625674D710B}.Debug|Any CPU.Build.0 = Debug|Any CPU
		{7E46CFEE-208E-40C0-935A-4625674D710B}.Release|Any CPU.ActiveCfg = Release|Any CPU
		{7E46CFEE-208E-40C0-935A-4625674D710B}.Release|Any CPU.Build.0 = Release|Any CPU
	EndGlobalSection
	GlobalSection(SolutionProperties) = preSolution
		HideSolutionNode = FALSE
	EndGlobalSection
	GlobalSection(ExtensibilityGlobals) = postSolution
		SolutionGuid = {DE916BF8-ABD9-473A-95F1-D7F33FA1AC48}
	EndGlobalSection
EndGlobal
